{
  "version": 4,
  "terraform_version": "1.1.7",
  "serial": 32,
  "lineage": "9dfc1684-af4a-4b8c-a457-8b18039c8f9e",
  "outputs": {
    "url": {
      "value": "welfareservicetf.azurewebsites.net}",
      "type": "string"
    }
  },
  "resources": [
    {
      "mode": "managed",
      "type": "azurerm_app_service",
      "name": "main",
      "provider": "provider[\"registry.terraform.io/hashicorp/azurerm\"]",
      "instances": [
        {
          "schema_version": 0,
          "attributes": {
            "app_service_plan_id": "/subscriptions/82064029-33f3-47ad-9060-e3d69dfd3083/resourceGroups/welfareProject/providers/Microsoft.Web/serverfarms/welfareplantf",
            "app_settings": {
              "DOCKER_REGISTRY_SERVER_URL": "https://hub.docker.com/",
              "WEBSITES_ENABLE_APP_SERVICE_STORAGE": "false"
            },
            "auth_settings": [
              {
                "active_directory": [],
                "additional_login_params": {},
                "allowed_external_redirect_urls": [],
                "default_provider": "",
                "enabled": false,
                "facebook": [],
                "google": [],
                "issuer": "",
                "microsoft": [],
                "runtime_version": "",
                "token_refresh_extension_hours": 0,
                "token_store_enabled": false,
                "twitter": [],
                "unauthenticated_client_action": ""
              }
            ],
            "backup": [],
            "client_affinity_enabled": false,
            "client_cert_enabled": false,
            "connection_string": [],
            "custom_domain_verification_id": "1BF9DD385F69049E5FEED74F25C6B8B5EF4B807DBE7D41652344FEC68E377312",
            "default_site_hostname": "welfareservicetf.azurewebsites.net",
            "enabled": true,
            "https_only": false,
            "id": "/subscriptions/82064029-33f3-47ad-9060-e3d69dfd3083/resourceGroups/welfareProject/providers/Microsoft.Web/sites/welfareservicetf",
            "identity": [],
            "location": "eastus",
            "logs": [
              {
                "application_logs": [
                  {
                    "azure_blob_storage": [],
                    "file_system_level": "Off"
                  }
                ],
                "detailed_error_messages_enabled": false,
                "failed_request_tracing_enabled": false,
                "http_logs": [
                  {
                    "azure_blob_storage": [],
                    "file_system": []
                  }
                ]
              }
            ],
            "name": "welfareservicetf",
            "outbound_ip_address_list": [
              "20.124.136.72",
              "20.88.173.83",
              "20.124.136.98",
              "20.124.136.103",
              "20.124.136.138",
              "20.124.136.173",
              "20.119.16.1"
            ],
            "outbound_ip_addresses": "20.124.136.72,20.88.173.83,20.124.136.98,20.124.136.103,20.124.136.138,20.124.136.173,20.119.16.1",
            "possible_outbound_ip_address_list": [
              "20.124.136.72",
              "20.88.173.83",
              "20.124.136.98",
              "20.124.136.103",
              "20.124.136.138",
              "20.124.136.173",
              "20.124.136.176",
              "20.124.136.30",
              "20.124.136.199",
              "20.124.136.234",
              "20.124.137.81",
              "20.124.137.83",
              "20.120.54.108",
              "20.124.137.91",
              "20.124.137.98",
              "20.124.137.101",
              "20.81.7.239",
              "20.88.169.28",
              "20.88.169.29",
              "20.120.52.15",
              "20.124.136.32",
              "20.120.54.58",
              "20.120.55.147",
              "20.120.55.171",
              "20.119.16.1"
            ],
            "possible_outbound_ip_addresses": "20.124.136.72,20.88.173.83,20.124.136.98,20.124.136.103,20.124.136.138,20.124.136.173,20.124.136.176,20.124.136.30,20.124.136.199,20.124.136.234,20.124.137.81,20.124.137.83,20.120.54.108,20.124.137.91,20.124.137.98,20.124.137.101,20.81.7.239,20.88.169.28,20.88.169.29,20.120.52.15,20.124.136.32,20.120.54.58,20.120.55.147,20.120.55.171,20.119.16.1",
            "resource_group_name": "welfareProject",
            "site_config": [
              {
                "always_on": false,
                "app_command_line": "",
                "auto_swap_slot_name": "",
                "cors": [
                  {
                    "allowed_origins": [],
                    "support_credentials": false
                  }
                ],
                "default_documents": null,
                "dotnet_framework_version": "v4.0",
                "ftps_state": "AllAllowed",
                "health_check_path": "",
                "http2_enabled": false,
                "ip_restriction": [],
                "java_container": "",
                "java_container_version": "",
                "java_version": "",
                "linux_fx_version": "DOCKER|thiernosow/welfare1:latest",
                "local_mysql_enabled": false,
                "managed_pipeline_mode": "Integrated",
                "min_tls_version": "1.2",
                "number_of_workers": 1,
                "php_version": "",
                "python_version": "",
                "remote_debugging_enabled": false,
                "remote_debugging_version": "VS2019",
                "scm_ip_restriction": [],
                "scm_type": "None",
                "scm_use_main_ip_restriction": false,
                "use_32_bit_worker_process": false,
                "websockets_enabled": false,
                "windows_fx_version": ""
              }
            ],
            "site_credential": [
              {
                "password": "kXAlZwul6FvcPglcAjjiqJCFc9M5rXyDmxsRh2ophlM2h7ShpmF7lCQjn2tx",
                "username": "$welfareservicetf"
              }
            ],
            "source_control": [
              {
                "branch": "master",
                "manual_integration": false,
                "repo_url": "",
                "rollback_enabled": false,
                "use_mercurial": false
              }
            ],
            "storage_account": [],
            "tags": null,
            "timeouts": null
          },
          "sensitive_attributes": [],
          "private": "eyJlMmJmYjczMC1lY2FhLTExZTYtOGY4OC0zNDM2M2JjN2M0YzAiOnsiY3JlYXRlIjoxODAwMDAwMDAwMDAwLCJkZWxldGUiOjE4MDAwMDAwMDAwMDAsInJlYWQiOjMwMDAwMDAwMDAwMCwidXBkYXRlIjoxODAwMDAwMDAwMDAwfX0=",
          "dependencies": [
            "azurerm_app_service_plan.main",
            "azurerm_resource_group.main"
          ]
        }
      ]
    },
    {
      "mode": "managed",
      "type": "azurerm_app_service_plan",
      "name": "main",
      "provider": "provider[\"registry.terraform.io/hashicorp/azurerm\"]",
      "instances": [
        {
          "schema_version": 0,
          "attributes": {
            "app_service_environment_id": "",
            "id": "/subscriptions/82064029-33f3-47ad-9060-e3d69dfd3083/resourceGroups/welfareProject/providers/Microsoft.Web/serverfarms/welfareplantf",
            "is_xenon": false,
            "kind": "linux",
            "location": "eastus",
            "maximum_elastic_worker_count": 1,
            "maximum_number_of_workers": 10,
            "name": "welfareplantf",
            "per_site_scaling": false,
            "reserved": true,
            "resource_group_name": "welfareProject",
            "sku": [
              {
                "capacity": 1,
                "size": "S1",
                "tier": "Standard"
              }
            ],
            "tags": null,
            "timeouts": null
          },
          "sensitive_attributes": [],
          "private": "eyJlMmJmYjczMC1lY2FhLTExZTYtOGY4OC0zNDM2M2JjN2M0YzAiOnsiY3JlYXRlIjozNjAwMDAwMDAwMDAwLCJkZWxldGUiOjM2MDAwMDAwMDAwMDAsInJlYWQiOjMwMDAwMDAwMDAwMCwidXBkYXRlIjozNjAwMDAwMDAwMDAwfX0=",
          "dependencies": [
            "azurerm_resource_group.main"
          ]
        }
      ]
    },
    {
      "mode": "managed",
      "type": "azurerm_resource_group",
      "name": "main",
      "provider": "provider[\"registry.terraform.io/hashicorp/azurerm\"]",
      "instances": [
        {
          "schema_version": 0,
          "attributes": {
            "id": "/subscriptions/82064029-33f3-47ad-9060-e3d69dfd3083/resourceGroups/welfareProject",
            "location": "eastus",
            "name": "welfareProject",
            "tags": null,
            "timeouts": null
          },
          "sensitive_attributes": [],
          "private": "eyJlMmJmYjczMC1lY2FhLTExZTYtOGY4OC0zNDM2M2JjN2M0YzAiOnsiY3JlYXRlIjo1NDAwMDAwMDAwMDAwLCJkZWxldGUiOjU0MDAwMDAwMDAwMDAsInJlYWQiOjMwMDAwMDAwMDAwMCwidXBkYXRlIjo1NDAwMDAwMDAwMDAwfX0="
        }
      ]
    }
  ]
}
